
Microsoft Visual Studio Solution File, Format Version 12.00
# Visual Studio Version 17
VisualStudioVersion = 17.13.36105.23
MinimumVisualStudioVersion = 10.0.40219.1
Project("{FAE04EC0-301F-11D3-BF4B-00C04F79EFBC}") = "Moo-Arvelous_Coders", "Moo-Arvelous_Coders.csproj", "{7F91D139-0FA2-4C08-B4C5-3CFF13CB777E}"
EndProject
Global
	GlobalSection(SolutionConfigurationPlatforms) = preSolution
		Debug|Any CPU = Debug|Any CPU
		Release|Any CPU = Release|Any CPU
	EndGlobalSection
	GlobalSection(ProjectConfigurationPlatforms) = postSolution
		{7F91D139-0FA2-4C08-B4C5-3CFF13CB777E}.Debug|Any CPU.ActiveCfg = Debug|Any CPU
		{7F91D139-0FA2-4C08-B4C5-3CFF13CB777E}.Debug|Any CPU.Build.0 = Debug|Any CPU
		{7F91D139-0FA2-4C08-B4C5-3CFF13CB777E}.Release|Any CPU.ActiveCfg = Release|Any CPU
		{7F91D139-0FA2-4C08-B4C5-3CFF13CB777E}.Release|Any CPU.Build.0 = Release|Any CPU
	EndGlobalSection
	GlobalSection(SolutionProperties) = preSolution
		HideSolutionNode = FALSE
	EndGlobalSection
	GlobalSection(ExtensibilityGlobals) = postSolution
		SolutionGuid = {FCE154DA-00DB-449F-A7BD-9C5F8148A9F0}
	EndGlobalSection
EndGlobal
